// !$*UTF8*$!
{
	archiveVersion = 1;
	classes = {
	};
	objectVersion = 46;
	objects = {

/* Begin PBXBuildFile section */
		F9414F8C1787E495001A8AEF /* SystemConfiguration.framework in Frameworks */ = {isa = PBXBuildFile; fileRef = F99175161780FB5500E19869 /* SystemConfiguration.framework */; };
		F95F53E71776B8B7005D957E /* GatherEventsTableView.m in Sources */ = {isa = PBXBuildFile; fileRef = F95F53E41776B6B0005D957E /* GatherEventsTableView.m */; };
		F95F53E81776B8BB005D957E /* GatherEventsTableViewCell.m in Sources */ = {isa = PBXBuildFile; fileRef = F95F53E61776B6CE005D957E /* GatherEventsTableViewCell.m */; };
		F95F53EA177957C4005D957E /* QuartzCore.framework in Frameworks */ = {isa = PBXBuildFile; fileRef = F95F53E9177957C4005D957E /* QuartzCore.framework */; };
		F99174DB177D331000E19869 /* GatherCellData.m in Sources */ = {isa = PBXBuildFile; fileRef = F99174DA177D30CA00E19869 /* GatherCellData.m */; };
		F99175111780FB3C00E19869 /* CoreData.framework in Frameworks */ = {isa = PBXBuildFile; fileRef = F99175101780FB3C00E19869 /* CoreData.framework */; };
		F991751E1783CC1900E19869 /* GatherServerConnection.m in Sources */ = {isa = PBXBuildFile; fileRef = F991751D1783CB4800E19869 /* GatherServerConnection.m */; };
		F99175211783D15800E19869 /* GatherXMLParser.m in Sources */ = {isa = PBXBuildFile; fileRef = F99175201783D0B700E19869 /* GatherXMLParser.m */; };
		F99175251783D6F700E19869 /* GatherGlobalData.m in Sources */ = {isa = PBXBuildFile; fileRef = F99175241783D61200E19869 /* GatherGlobalData.m */; };
		F9FD1846176FF41800F08900 /* Foundation.framework in Frameworks */ = {isa = PBXBuildFile; fileRef = F9FD1845176FF41800F08900 /* Foundation.framework */; };
		F9FD1848176FF41800F08900 /* CoreGraphics.framework in Frameworks */ = {isa = PBXBuildFile; fileRef = F9FD1847176FF41800F08900 /* CoreGraphics.framework */; };
		F9FD184A176FF41800F08900 /* UIKit.framework in Frameworks */ = {isa = PBXBuildFile; fileRef = F9FD1849176FF41800F08900 /* UIKit.framework */; };
		F9FD1850176FF41800F08900 /* InfoPlist.strings in Resources */ = {isa = PBXBuildFile; fileRef = F9FD184E176FF41800F08900 /* InfoPlist.strings */; };
		F9FD1852176FF41800F08900 /* main.m in Sources */ = {isa = PBXBuildFile; fileRef = F9FD1851176FF41800F08900 /* main.m */; };
		F9FD1856176FF41800F08900 /* GatherAppDelegate.m in Sources */ = {isa = PBXBuildFile; fileRef = F9FD1855176FF41800F08900 /* GatherAppDelegate.m */; };
		F9FD185C176FF41800F08900 /* GatherViewController.m in Sources */ = {isa = PBXBuildFile; fileRef = F9FD185B176FF41800F08900 /* GatherViewController.m */; };
		F9FD185E176FF41900F08900 /* Images.xcassets in Resources */ = {isa = PBXBuildFile; fileRef = F9FD185D176FF41900F08900 /* Images.xcassets */; };
		F9FD1865176FF41900F08900 /* XCTest.framework in Frameworks */ = {isa = PBXBuildFile; fileRef = F9FD1864176FF41900F08900 /* XCTest.framework */; };
		F9FD1866176FF41900F08900 /* Foundation.framework in Frameworks */ = {isa = PBXBuildFile; fileRef = F9FD1845176FF41800F08900 /* Foundation.framework */; };
		F9FD1867176FF41900F08900 /* UIKit.framework in Frameworks */ = {isa = PBXBuildFile; fileRef = F9FD1849176FF41800F08900 /* UIKit.framework */; };
		F9FD186F176FF41900F08900 /* InfoPlist.strings in Resources */ = {isa = PBXBuildFile; fileRef = F9FD186D176FF41900F08900 /* InfoPlist.strings */; };
		F9FD1871176FF41900F08900 /* GatherTests.m in Sources */ = {isa = PBXBuildFile; fileRef = F9FD1870176FF41900F08900 /* GatherTests.m */; };
		F9FD18841770151D00F08900 /* GatherTopBar.m in Sources */ = {isa = PBXBuildFile; fileRef = F9FD1883177011C600F08900 /* GatherTopBar.m */; };
/* End PBXBuildFile section */

/* Begin PBXContainerItemProxy section */
		F9FD1868176FF41900F08900 /* PBXContainerItemProxy */ = {
			isa = PBXContainerItemProxy;
			containerPortal = F9FD183A176FF41800F08900 /* Project object */;
			proxyType = 1;
			remoteGlobalIDString = F9FD1841176FF41800F08900;
			remoteInfo = Gather;
		};
/* End PBXContainerItemProxy section */

/* Begin PBXFileReference section */
		F95F53E31776B6B0005D957E /* GatherEventsTableView.h */ = {isa = PBXFileReference; lastKnownFileType = sourcecode.c.h; path = GatherEventsTableView.h; sourceTree = "<group>"; };
		F95F53E41776B6B0005D957E /* GatherEventsTableView.m */ = {isa = PBXFileReference; lastKnownFileType = sourcecode.c.objc; path = GatherEventsTableView.m; sourceTree = "<group>"; };
		F95F53E51776B6CE005D957E /* GatherEventsTableViewCell.h */ = {isa = PBXFileReference; lastKnownFileType = sourcecode.c.h; path = GatherEventsTableViewCell.h; sourceTree = "<group>"; };
		F95F53E61776B6CE005D957E /* GatherEventsTableViewCell.m */ = {isa = PBXFileReference; lastKnownFileType = sourcecode.c.objc; lineEnding = 0; path = GatherEventsTableViewCell.m; sourceTree = "<group>"; xcLanguageSpecificationIdentifier = xcode.lang.objc; };
		F95F53E9177957C4005D957E /* QuartzCore.framework */ = {isa = PBXFileReference; lastKnownFileType = wrapper.framework; name = QuartzCore.framework; path = System/Library/Frameworks/QuartzCore.framework; sourceTree = SDKROOT; };
		F99174D9177D30CA00E19869 /* GatherCellData.h */ = {isa = PBXFileReference; lastKnownFileType = sourcecode.c.h; path = GatherCellData.h; sourceTree = "<group>"; };
		F99174DA177D30CA00E19869 /* GatherCellData.m */ = {isa = PBXFileReference; lastKnownFileType = sourcecode.c.objc; path = GatherCellData.m; sourceTree = "<group>"; };
		F991750E1780FB2800E19869 /* CFNetwork.framework */ = {isa = PBXFileReference; lastKnownFileType = wrapper.framework; name = CFNetwork.framework; path = System/Library/Frameworks/CFNetwork.framework; sourceTree = SDKROOT; };
		F99175101780FB3C00E19869 /* CoreData.framework */ = {isa = PBXFileReference; lastKnownFileType = wrapper.framework; name = CoreData.framework; path = System/Library/Frameworks/CoreData.framework; sourceTree = SDKROOT; };
		F99175121780FB4200E19869 /* MobileCoreServices.framework */ = {isa = PBXFileReference; lastKnownFileType = wrapper.framework; name = MobileCoreServices.framework; path = System/Library/Frameworks/MobileCoreServices.framework; sourceTree = SDKROOT; };
		F99175141780FB4C00E19869 /* Security.framework */ = {isa = PBXFileReference; lastKnownFileType = wrapper.framework; name = Security.framework; path = System/Library/Frameworks/Security.framework; sourceTree = SDKROOT; };
		F99175161780FB5500E19869 /* SystemConfiguration.framework */ = {isa = PBXFileReference; lastKnownFileType = wrapper.framework; name = SystemConfiguration.framework; path = System/Library/Frameworks/SystemConfiguration.framework; sourceTree = SDKROOT; };
		F991751C1783CB4800E19869 /* GatherServerConnection.h */ = {isa = PBXFileReference; lastKnownFileType = sourcecode.c.h; path = GatherServerConnection.h; sourceTree = "<group>"; };
		F991751D1783CB4800E19869 /* GatherServerConnection.m */ = {isa = PBXFileReference; lastKnownFileType = sourcecode.c.objc; path = GatherServerConnection.m; sourceTree = "<group>"; };
		F991751F1783D0B700E19869 /* GatherXMLParser.h */ = {isa = PBXFileReference; lastKnownFileType = sourcecode.c.h; path = GatherXMLParser.h; sourceTree = "<group>"; };
		F99175201783D0B700E19869 /* GatherXMLParser.m */ = {isa = PBXFileReference; lastKnownFileType = sourcecode.c.objc; path = GatherXMLParser.m; sourceTree = "<group>"; };
		F99175231783D61200E19869 /* GatherGlobalData.h */ = {isa = PBXFileReference; lastKnownFileType = sourcecode.c.h; path = GatherGlobalData.h; sourceTree = "<group>"; };
		F99175241783D61200E19869 /* GatherGlobalData.m */ = {isa = PBXFileReference; lastKnownFileType = sourcecode.c.objc; path = GatherGlobalData.m; sourceTree = "<group>"; };
		F9FD1842176FF41800F08900 /* Gather.app */ = {isa = PBXFileReference; explicitFileType = wrapper.application; includeInIndex = 0; path = Gather.app; sourceTree = BUILT_PRODUCTS_DIR; };
		F9FD1845176FF41800F08900 /* Foundation.framework */ = {isa = PBXFileReference; lastKnownFileType = wrapper.framework; name = Foundation.framework; path = System/Library/Frameworks/Foundation.framework; sourceTree = SDKROOT; };
		F9FD1847176FF41800F08900 /* CoreGraphics.framework */ = {isa = PBXFileReference; lastKnownFileType = wrapper.framework; name = CoreGraphics.framework; path = System/Library/Frameworks/CoreGraphics.framework; sourceTree = SDKROOT; };
		F9FD1849176FF41800F08900 /* UIKit.framework */ = {isa = PBXFileReference; lastKnownFileType = wrapper.framework; name = UIKit.framework; path = System/Library/Frameworks/UIKit.framework; sourceTree = SDKROOT; };
		F9FD184D176FF41800F08900 /* Gather-Info.plist */ = {isa = PBXFileReference; lastKnownFileType = text.plist.xml; path = "Gather-Info.plist"; sourceTree = "<group>"; };
		F9FD184F176FF41800F08900 /* en */ = {isa = PBXFileReference; lastKnownFileType = text.plist.strings; name = en; path = en.lproj/InfoPlist.strings; sourceTree = "<group>"; };
		F9FD1851176FF41800F08900 /* main.m */ = {isa = PBXFileReference; lastKnownFileType = sourcecode.c.objc; path = main.m; sourceTree = "<group>"; };
		F9FD1853176FF41800F08900 /* Gather-Prefix.pch */ = {isa = PBXFileReference; lastKnownFileType = sourcecode.c.h; path = "Gather-Prefix.pch"; sourceTree = "<group>"; };
		F9FD1854176FF41800F08900 /* GatherAppDelegate.h */ = {isa = PBXFileReference; lastKnownFileType = sourcecode.c.h; path = GatherAppDelegate.h; sourceTree = "<group>"; };
		F9FD1855176FF41800F08900 /* GatherAppDelegate.m */ = {isa = PBXFileReference; lastKnownFileType = sourcecode.c.objc; path = GatherAppDelegate.m; sourceTree = "<group>"; };
		F9FD1858176FF41800F08900 /* Base */ = {isa = PBXFileReference; lastKnownFileType = file.storyboard; name = Base; path = Base.lproj/Main.storyboard; sourceTree = "<group>"; };
		F9FD185A176FF41800F08900 /* GatherViewController.h */ = {isa = PBXFileReference; lastKnownFileType = sourcecode.c.h; path = GatherViewController.h; sourceTree = "<group>"; };
		F9FD185B176FF41800F08900 /* GatherViewController.m */ = {isa = PBXFileReference; lastKnownFileType = sourcecode.c.objc; path = GatherViewController.m; sourceTree = "<group>"; };
		F9FD185D176FF41900F08900 /* Images.xcassets */ = {isa = PBXFileReference; lastKnownFileType = folder.assetcatalog; path = Images.xcassets; sourceTree = "<group>"; };
		F9FD1863176FF41900F08900 /* GatherTests.xctest */ = {isa = PBXFileReference; explicitFileType = wrapper.cfbundle; includeInIndex = 0; path = GatherTests.xctest; sourceTree = BUILT_PRODUCTS_DIR; };
		F9FD1864176FF41900F08900 /* XCTest.framework */ = {isa = PBXFileReference; lastKnownFileType = wrapper.framework; name = XCTest.framework; path = Library/Frameworks/XCTest.framework; sourceTree = DEVELOPER_DIR; };
		F9FD186C176FF41900F08900 /* GatherTests-Info.plist */ = {isa = PBXFileReference; lastKnownFileType = text.plist.xml; path = "GatherTests-Info.plist"; sourceTree = "<group>"; };
		F9FD186E176FF41900F08900 /* en */ = {isa = PBXFileReference; lastKnownFileType = text.plist.strings; name = en; path = en.lproj/InfoPlist.strings; sourceTree = "<group>"; };
		F9FD1870176FF41900F08900 /* GatherTests.m */ = {isa = PBXFileReference; lastKnownFileType = sourcecode.c.objc; path = GatherTests.m; sourceTree = "<group>"; };
		F9FD1882177011C600F08900 /* GatherTopBar.h */ = {isa = PBXFileReference; lastKnownFileType = sourcecode.c.h; path = GatherTopBar.h; sourceTree = "<group>"; };
		F9FD1883177011C600F08900 /* GatherTopBar.m */ = {isa = PBXFileReference; lastKnownFileType = sourcecode.c.objc; lineEnding = 0; path = GatherTopBar.m; sourceTree = "<group>"; xcLanguageSpecificationIdentifier = xcode.lang.objc; };
/* End PBXFileReference section */

/* Begin PBXFrameworksBuildPhase section */
		F9FD183F176FF41800F08900 /* Frameworks */ = {
			isa = PBXFrameworksBuildPhase;
			buildActionMask = 2147483647;
			files = (
				F9414F8C1787E495001A8AEF /* SystemConfiguration.framework in Frameworks */,
				F99175111780FB3C00E19869 /* CoreData.framework in Frameworks */,
				F95F53EA177957C4005D957E /* QuartzCore.framework in Frameworks */,
				F9FD1848176FF41800F08900 /* CoreGraphics.framework in Frameworks */,
				F9FD184A176FF41800F08900 /* UIKit.framework in Frameworks */,
				F9FD1846176FF41800F08900 /* Foundation.framework in Frameworks */,
			);
			runOnlyForDeploymentPostprocessing = 0;
		};
		F9FD1860176FF41900F08900 /* Frameworks */ = {
			isa = PBXFrameworksBuildPhase;
			buildActionMask = 2147483647;
			files = (
				F9FD1865176FF41900F08900 /* XCTest.framework in Frameworks */,
				F9FD1867176FF41900F08900 /* UIKit.framework in Frameworks */,
				F9FD1866176FF41900F08900 /* Foundation.framework in Frameworks */,
			);
			runOnlyForDeploymentPostprocessing = 0;
		};
/* End PBXFrameworksBuildPhase section */

/* Begin PBXGroup section */
		F99175221783D30F00E19869 /* Back End Stuff */ = {
			isa = PBXGroup;
			children = (
				F991751C1783CB4800E19869 /* GatherServerConnection.h */,
				F991751D1783CB4800E19869 /* GatherServerConnection.m */,
				F991751F1783D0B700E19869 /* GatherXMLParser.h */,
				F99175201783D0B700E19869 /* GatherXMLParser.m */,
				F99175231783D61200E19869 /* GatherGlobalData.h */,
				F99175241783D61200E19869 /* GatherGlobalData.m */,
				F99174D9177D30CA00E19869 /* GatherCellData.h */,
				F99174DA177D30CA00E19869 /* GatherCellData.m */,
			);
			name = "Back End Stuff";
			sourceTree = "<group>";
		};
		F9FD1839176FF41800F08900 = {
			isa = PBXGroup;
			children = (
				F9FD184B176FF41800F08900 /* Gather */,
				F9FD186A176FF41900F08900 /* GatherTests */,
				F9FD1844176FF41800F08900 /* Frameworks */,
				F9FD1843176FF41800F08900 /* Products */,
			);
			sourceTree = "<group>";
		};
		F9FD1843176FF41800F08900 /* Products */ = {
			isa = PBXGroup;
			children = (
				F9FD1842176FF41800F08900 /* Gather.app */,
				F9FD1863176FF41900F08900 /* GatherTests.xctest */,
			);
			name = Products;
			sourceTree = "<group>";
		};
		F9FD1844176FF41800F08900 /* Frameworks */ = {
			isa = PBXGroup;
			children = (
				F99175161780FB5500E19869 /* SystemConfiguration.framework */,
				F99175141780FB4C00E19869 /* Security.framework */,
				F99175121780FB4200E19869 /* MobileCoreServices.framework */,
				F99175101780FB3C00E19869 /* CoreData.framework */,
				F991750E1780FB2800E19869 /* CFNetwork.framework */,
				F95F53E9177957C4005D957E /* QuartzCore.framework */,
				F9FD1845176FF41800F08900 /* Foundation.framework */,
				F9FD1847176FF41800F08900 /* CoreGraphics.framework */,
				F9FD1849176FF41800F08900 /* UIKit.framework */,
				F9FD1864176FF41900F08900 /* XCTest.framework */,
			);
			name = Frameworks;
			sourceTree = "<group>";
		};
		F9FD184B176FF41800F08900 /* Gather */ = {
			isa = PBXGroup;
			children = (
				F99175221783D30F00E19869 /* Back End Stuff */,
				F9FD1882177011C600F08900 /* GatherTopBar.h */,
				F9FD1883177011C600F08900 /* GatherTopBar.m */,
				F95F53E31776B6B0005D957E /* GatherEventsTableView.h */,
				F95F53E41776B6B0005D957E /* GatherEventsTableView.m */,
				F95F53E51776B6CE005D957E /* GatherEventsTableViewCell.h */,
				F95F53E61776B6CE005D957E /* GatherEventsTableViewCell.m */,
				F9FD185A176FF41800F08900 /* GatherViewController.h */,
				F9FD185B176FF41800F08900 /* GatherViewController.m */,
				F9FD185D176FF41900F08900 /* Images.xcassets */,
				F9FD184C176FF41800F08900 /* Supporting Files */,
			);
			path = Gather;
			sourceTree = "<group>";
		};
		F9FD184C176FF41800F08900 /* Supporting Files */ = {
			isa = PBXGroup;
			children = (
				F9FD1854176FF41800F08900 /* GatherAppDelegate.h */,
				F9FD1855176FF41800F08900 /* GatherAppDelegate.m */,
				F9FD1857176FF41800F08900 /* Main.storyboard */,
				F9FD184D176FF41800F08900 /* Gather-Info.plist */,
				F9FD184E176FF41800F08900 /* InfoPlist.strings */,
				F9FD1851176FF41800F08900 /* main.m */,
				F9FD1853176FF41800F08900 /* Gather-Prefix.pch */,
			);
			name = "Supporting Files";
			sourceTree = "<group>";
		};
		F9FD186A176FF41900F08900 /* GatherTests */ = {
			isa = PBXGroup;
			children = (
				F9FD1870176FF41900F08900 /* GatherTests.m */,
				F9FD186B176FF41900F08900 /* Supporting Files */,
			);
			path = GatherTests;
			sourceTree = "<group>";
		};
		F9FD186B176FF41900F08900 /* Supporting Files */ = {
			isa = PBXGroup;
			children = (
				F9FD186C176FF41900F08900 /* GatherTests-Info.plist */,
				F9FD186D176FF41900F08900 /* InfoPlist.strings */,
			);
			name = "Supporting Files";
			sourceTree = "<group>";
		};
/* End PBXGroup section */

/* Begin PBXNativeTarget section */
		F9FD1841176FF41800F08900 /* Gather */ = {
			isa = PBXNativeTarget;
			buildConfigurationList = F9FD1874176FF41900F08900 /* Build configuration list for PBXNativeTarget "Gather" */;
			buildPhases = (
				F9FD183E176FF41800F08900 /* Sources */,
				F9FD183F176FF41800F08900 /* Frameworks */,
				F9FD1840176FF41800F08900 /* Resources */,
			);
			buildRules = (
			);
			dependencies = (
			);
			name = Gather;
			productName = Gather;
			productReference = F9FD1842176FF41800F08900 /* Gather.app */;
			productType = "com.apple.product-type.application";
		};
		F9FD1862176FF41900F08900 /* GatherTests */ = {
			isa = PBXNativeTarget;
			buildConfigurationList = F9FD1877176FF41900F08900 /* Build configuration list for PBXNativeTarget "GatherTests" */;
			buildPhases = (
				F9FD185F176FF41900F08900 /* Sources */,
				F9FD1860176FF41900F08900 /* Frameworks */,
				F9FD1861176FF41900F08900 /* Resources */,
			);
			buildRules = (
			);
			dependencies = (
				F9FD1869176FF41900F08900 /* PBXTargetDependency */,
			);
			name = GatherTests;
			productName = GatherTests;
			productReference = F9FD1863176FF41900F08900 /* GatherTests.xctest */;
			productType = "com.apple.product-type.bundle.unit-test";
		};
/* End PBXNativeTarget section */

/* Begin PBXProject section */
		F9FD183A176FF41800F08900 /* Project object */ = {
			isa = PBXProject;
			attributes = {
				CLASSPREFIX = Gather;
				LastUpgradeCheck = 0500;
				ORGANIZATIONNAME = tseale;
				TargetAttributes = {
					F9FD1862176FF41900F08900 = {
						TestTargetID = F9FD1841176FF41800F08900;
					};
				};
			};
			buildConfigurationList = F9FD183D176FF41800F08900 /* Build configuration list for PBXProject "Gather" */;
			compatibilityVersion = "Xcode 3.2";
			developmentRegion = English;
			hasScannedForEncodings = 0;
			knownRegions = (
				en,
				Base,
			);
			mainGroup = F9FD1839176FF41800F08900;
			productRefGroup = F9FD1843176FF41800F08900 /* Products */;
			projectDirPath = "";
			projectRoot = "";
			targets = (
				F9FD1841176FF41800F08900 /* Gather */,
				F9FD1862176FF41900F08900 /* GatherTests */,
			);
		};
/* End PBXProject section */

/* Begin PBXResourcesBuildPhase section */
		F9FD1840176FF41800F08900 /* Resources */ = {
			isa = PBXResourcesBuildPhase;
			buildActionMask = 2147483647;
			files = (
				F9FD185E176FF41900F08900 /* Images.xcassets in Resources */,
				F9FD1850176FF41800F08900 /* InfoPlist.strings in Resources */,
			);
			runOnlyForDeploymentPostprocessing = 0;
		};
		F9FD1861176FF41900F08900 /* Resources */ = {
			isa = PBXResourcesBuildPhase;
			buildActionMask = 2147483647;
			files = (
				F9FD186F176FF41900F08900 /* InfoPlist.strings in Resources */,
			);
			runOnlyForDeploymentPostprocessing = 0;
		};
/* End PBXResourcesBuildPhase section */

/* Begin PBXSourcesBuildPhase section */
		F9FD183E176FF41800F08900 /* Sources */ = {
			isa = PBXSourcesBuildPhase;
			buildActionMask = 2147483647;
			files = (
				F99175251783D6F700E19869 /* GatherGlobalData.m in Sources */,
				F99175211783D15800E19869 /* GatherXMLParser.m in Sources */,
				F991751E1783CC1900E19869 /* GatherServerConnection.m in Sources */,
				F99174DB177D331000E19869 /* GatherCellData.m in Sources */,
				F95F53E81776B8BB005D957E /* GatherEventsTableViewCell.m in Sources */,
				F95F53E71776B8B7005D957E /* GatherEventsTableView.m in Sources */,
				F9FD18841770151D00F08900 /* GatherTopBar.m in Sources */,
				F9FD1852176FF41800F08900 /* main.m in Sources */,
				F9FD185C176FF41800F08900 /* GatherViewController.m in Sources */,
				F9FD1856176FF41800F08900 /* GatherAppDelegate.m in Sources */,
			);
			runOnlyForDeploymentPostprocessing = 0;
		};
		F9FD185F176FF41900F08900 /* Sources */ = {
			isa = PBXSourcesBuildPhase;
			buildActionMask = 2147483647;
			files = (
				F9FD1871176FF41900F08900 /* GatherTests.m in Sources */,
			);
			runOnlyForDeploymentPostprocessing = 0;
		};
/* End PBXSourcesBuildPhase section */

/* Begin PBXTargetDependency section */
		F9FD1869176FF41900F08900 /* PBXTargetDependency */ = {
			isa = PBXTargetDependency;
			target = F9FD1841176FF41800F08900 /* Gather */;
			targetProxy = F9FD1868176FF41900F08900 /* PBXContainerItemProxy */;
		};
/* End PBXTargetDependency section */

/* Begin PBXVariantGroup section */
		F9FD184E176FF41800F08900 /* InfoPlist.strings */ = {
			isa = PBXVariantGroup;
			children = (
				F9FD184F176FF41800F08900 /* en */,
			);
			name = InfoPlist.strings;
			sourceTree = "<group>";
		};
		F9FD1857176FF41800F08900 /* Main.storyboard */ = {
			isa = PBXVariantGroup;
			children = (
				F9FD1858176FF41800F08900 /* Base */,
			);
			name = Main.storyboard;
			sourceTree = "<group>";
		};
		F9FD186D176FF41900F08900 /* InfoPlist.strings */ = {
			isa = PBXVariantGroup;
			children = (
				F9FD186E176FF41900F08900 /* en */,
			);
			name = InfoPlist.strings;
			sourceTree = "<group>";
		};
/* End PBXVariantGroup section */

/* Begin XCBuildConfiguration section */
		F9FD1872176FF41900F08900 /* Debug */ = {
			isa = XCBuildConfiguration;
			buildSettings = {
				ALWAYS_SEARCH_USER_PATHS = NO;
				CLANG_CXX_LANGUAGE_STANDARD = "gnu++0x";
				CLANG_CXX_LIBRARY = "libc++";
				CLANG_ENABLE_MODULES = YES;
				CLANG_ENABLE_OBJC_ARC = YES;
				CLANG_WARN_BOOL_CONVERSION = YES;
				CLANG_WARN_CONSTANT_CONVERSION = YES;
				CLANG_WARN_DIRECT_OBJC_ISA_USAGE = YES_ERROR;
				CLANG_WARN_EMPTY_BODY = YES;
				CLANG_WARN_ENUM_CONVERSION = YES;
				CLANG_WARN_INT_CONVERSION = YES;
				CLANG_WARN_OBJC_ROOT_CLASS = YES_ERROR;
				CLANG_WARN__DUPLICATE_METHOD_MATCH = YES;
				"CODE_SIGN_IDENTITY[sdk=iphoneos*]" = "iPhone Developer";
				COPY_PHASE_STRIP = NO;
				GCC_C_LANGUAGE_STANDARD = gnu99;
				GCC_DYNAMIC_NO_PIC = NO;
				GCC_OPTIMIZATION_LEVEL = 0;
				GCC_PREPROCESSOR_DEFINITIONS = (
					"DEBUG=1",
					"$(inherited)",
				);
				GCC_SYMBOLS_PRIVATE_EXTERN = NO;
				GCC_WARN_ABOUT_RETURN_TYPE = YES_ERROR;
				GCC_WARN_UNDECLARED_SELECTOR = YES;
				GCC_WARN_UNINITIALIZED_AUTOS = YES;
				GCC_WARN_UNUSED_FUNCTION = YES;
				GCC_WARN_UNUSED_VARIABLE = YES;
				IPHONEOS_DEPLOYMENT_TARGET = 7.0;
				ONLY_ACTIVE_ARCH = YES;
				SDKROOT = iphoneos;
			};
			name = Debug;
		};
		F9FD1873176FF41900F08900 /* Release */ = {
			isa = XCBuildConfiguration;
			buildSettings = {
				ALWAYS_SEARCH_USER_PATHS = NO;
				CLANG_CXX_LANGUAGE_STANDARD = "gnu++0x";
				CLANG_CXX_LIBRARY = "libc++";
				CLANG_ENABLE_MODULES = YES;
				CLANG_ENABLE_OBJC_ARC = YES;
				CLANG_WARN_BOOL_CONVERSION = YES;
				CLANG_WARN_CONSTANT_CONVERSION = YES;
				CLANG_WARN_DIRECT_OBJC_ISA_USAGE = YES_ERROR;
				CLANG_WARN_EMPTY_BODY = YES;
				CLANG_WARN_ENUM_CONVERSION = YES;
				CLANG_WARN_INT_CONVERSION = YES;
				CLANG_WARN_OBJC_ROOT_CLASS = YES_ERROR;
				CLANG_WARN__DUPLICATE_METHOD_MATCH = YES;
				"CODE_SIGN_IDENTITY[sdk=iphoneos*]" = "iPhone Developer";
				COPY_PHASE_STRIP = YES;
				ENABLE_NS_ASSERTIONS = NO;
				GCC_C_LANGUAGE_STANDARD = gnu99;
				GCC_WARN_ABOUT_RETURN_TYPE = YES_ERROR;
				GCC_WARN_UNDECLARED_SELECTOR = YES;
				GCC_WARN_UNINITIALIZED_AUTOS = YES;
				GCC_WARN_UNUSED_FUNCTION = YES;
				GCC_WARN_UNUSED_VARIABLE = YES;
				IPHONEOS_DEPLOYMENT_TARGET = 7.0;
				SDKROOT = iphoneos;
				VALIDATE_PRODUCT = YES;
			};
			name = Release;
		};
		F9FD1875176FF41900F08900 /* Debug */ = {
			isa = XCBuildConfiguration;
			buildSettings = {
				ASSETCATALOG_COMPILER_APPICON_NAME = AppIcon;
				ASSETCATALOG_COMPILER_LAUNCHIMAGE_NAME = LaunchImage;
				GCC_PRECOMPILE_PREFIX_HEADER = YES;
				GCC_PREFIX_HEADER = "Gather/Gather-Prefix.pch";
				INFOPLIST_FILE = "Gather/Gather-Info.plist";
				PRODUCT_NAME = "$(TARGET_NAME)";
				WRAPPER_EXTENSION = app;
			};
			name = Debug;
		};
		F9FD1876176FF41900F08900 /* Release */ = {
			isa = XCBuildConfiguration;
			buildSettings = {
				ASSETCATALOG_COMPILER_APPICON_NAME = AppIcon;
				ASSETCATALOG_COMPILER_LAUNCHIMAGE_NAME = LaunchImage;
				GCC_PRECOMPILE_PREFIX_HEADER = YES;
				GCC_PREFIX_HEADER = "Gather/Gather-Prefix.pch";
				INFOPLIST_FILE = "Gather/Gather-Info.plist";
				PRODUCT_NAME = "$(TARGET_NAME)";
				WRAPPER_EXTENSION = app;
			};
			name = Release;
		};
		F9FD1878176FF41900F08900 /* Debug */ = {
			isa = XCBuildConfiguration;
			buildSettings = {
				BUNDLE_LOADER = "$(BUILT_PRODUCTS_DIR)/Gather.app/Gather";
				FRAMEWORK_SEARCH_PATHS = (
					"$(SDKROOT)/Developer/Library/Frameworks",
					"$(inherited)",
					"$(SYSTEM_APPS_DIR)/Xcode5-DP.app/Contents/Developer/Library/Frameworks",
				);
				GCC_PRECOMPILE_PREFIX_HEADER = YES;
				GCC_PREFIX_HEADER = "Gather/Gather-Prefix.pch";
				GCC_PREPROCESSOR_DEFINITIONS = (
					"DEBUG=1",
					"$(inherited)",
				);
				INFOPLIST_FILE = "GatherTests/GatherTests-Info.plist";
				PRODUCT_NAME = "$(TARGET_NAME)";
				TEST_HOST = "$(BUNDLE_LOADER)";
				WRAPPER_EXTENSION = xctest;
			};
			name = Debug;
		};
		F9FD1879176FF41900F08900 /* Release */ = {
			isa = XCBuildConfiguration;
			buildSettings = {
				BUNDLE_LOADER = "$(BUILT_PRODUCTS_DIR)/Gather.app/Gather";
				FRAMEWORK_SEARCH_PATHS = (
					"$(SDKROOT)/Developer/Library/Frameworks",
					"$(inherited)",
					"$(SYSTEM_APPS_DIR)/Xcode5-DP.app/Contents/Developer/Library/Frameworks",
				);
				GCC_PRECOMPILE_PREFIX_HEADER = YES;
				GCC_PREFIX_HEADER = "Gather/Gather-Prefix.pch";
				INFOPLIST_FILE = "GatherTests/GatherTests-Info.plist";
				PRODUCT_NAME = "$(TARGET_NAME)";
				TEST_HOST = "$(BUNDLE_LOADER)";
				WRAPPER_EXTENSION = xctest;
			};
			name = Release;
		};
/* End XCBuildConfiguration section */

/* Begin XCConfigurationList section */
		F9FD183D176FF41800F08900 /* Build configuration list for PBXProject "Gather" */ = {
			isa = XCConfigurationList;
			buildConfigurations = (
				F9FD1872176FF41900F08900 /* Debug */,
				F9FD1873176FF41900F08900 /* Release */,
			);
			defaultConfigurationIsVisible = 0;
			defaultConfigurationName = Release;
		};
		F9FD1874176FF41900F08900 /* Build configuration list for PBXNativeTarget "Gather" */ = {
			isa = XCConfigurationList;
			buildConfigurations = (
				F9FD1875176FF41900F08900 /* Debug */,
				F9FD1876176FF41900F08900 /* Release */,
			);
			defaultConfigurationIsVisible = 0;
			defaultConfigurationName = Release;
		};
		F9FD1877176FF41900F08900 /* Build configuration list for PBXNativeTarget "GatherTests" */ = {
			isa = XCConfigurationList;
			buildConfigurations = (
				F9FD1878176FF41900F08900 /* Debug */,
				F9FD1879176FF41900F08900 /* Release */,
			);
			defaultConfigurationIsVisible = 0;
			defaultConfigurationName = Release;
		};
/* End XCConfigurationList section */
	};
	rootObject = F9FD183A176FF41800F08900 /* Project object */;
}
